
Microsoft Visual Studio Solution File, Format Version 12.00
# Visual Studio Version 17
VisualStudioVersion = 17.9.34616.47
MinimumVisualStudioVersion = 10.0.40219.1
Project("{8BC9CEB8-8B4A-11D0-8D11-00A0C91BC942}") = "ioFile", "ioFile\ioFile.vcxproj", "{33754E9E-1C53-4DDD-8FD0-102EA7C39AA7}"
EndProject
Project("{8BC9CEB8-8B4A-11D0-8D11-00A0C91BC942}") = "ioFileWithPath", "ioFileWithPath\ioFileWithPath.vcxproj", "{2C68177D-5ACF-44AA-83DA-B55B136D5A34}"
EndProject
Project("{8BC9CEB8-8B4A-11D0-8D11-00A0C91BC942}") = "exceptionStandard", "exceptionStandard\exceptionStandard.vcxproj", "{F413CB13-9688-4555-82C7-C7E3254C1611}"
EndProject
Global
	GlobalSection(SolutionConfigurationPlatforms) = preSolution
		Debug|x64 = Debug|x64
		Debug|x86 = Debug|x86
		Release|x64 = Release|x64
		Release|x86 = Release|x86
	EndGlobalSection
	GlobalSection(ProjectConfigurationPlatforms) = postSolution
		{33754E9E-1C53-4DDD-8FD0-102EA7C39AA7}.Debug|x64.ActiveCfg = Debug|x64
		{33754E9E-1C53-4DDD-8FD0-102EA7C39AA7}.Debug|x64.Build.0 = Debug|x64
		{33754E9E-1C53-4DDD-8FD0-102EA7C39AA7}.Debug|x86.ActiveCfg = Debug|Win32
		{33754E9E-1C53-4DDD-8FD0-102EA7C39AA7}.Debug|x86.Build.0 = Debug|Win32
		{33754E9E-1C53-4DDD-8FD0-102EA7C39AA7}.Release|x64.ActiveCfg = Release|x64
		{33754E9E-1C53-4DDD-8FD0-102EA7C39AA7}.Release|x64.Build.0 = Release|x64
		{33754E9E-1C53-4DDD-8FD0-102EA7C39AA7}.Release|x86.ActiveCfg = Release|Win32
		{33754E9E-1C53-4DDD-8FD0-102EA7C39AA7}.Release|x86.Build.0 = Release|Win32
		{2C68177D-5ACF-44AA-83DA-B55B136D5A34}.Debug|x64.ActiveCfg = Debug|x64
		{2C68177D-5ACF-44AA-83DA-B55B136D5A34}.Debug|x64.Build.0 = Debug|x64
		{2C68177D-5ACF-44AA-83DA-B55B136D5A34}.Debug|x86.ActiveCfg = Debug|Win32
		{2C68177D-5ACF-44AA-83DA-B55B136D5A34}.Debug|x86.Build.0 = Debug|Win32
		{2C68177D-5ACF-44AA-83DA-B55B136D5A34}.Release|x64.ActiveCfg = Release|x64
		{2C68177D-5ACF-44AA-83DA-B55B136D5A34}.Release|x64.Build.0 = Release|x64
		{2C68177D-5ACF-44AA-83DA-B55B136D5A34}.Release|x86.ActiveCfg = Release|Win32
		{2C68177D-5ACF-44AA-83DA-B55B136D5A34}.Release|x86.Build.0 = Release|Win32
		{F413CB13-9688-4555-82C7-C7E3254C1611}.Debug|x64.ActiveCfg = Debug|x64
		{F413CB13-9688-4555-82C7-C7E3254C1611}.Debug|x64.Build.0 = Debug|x64
		{F413CB13-9688-4555-82C7-C7E3254C1611}.Debug|x86.ActiveCfg = Debug|Win32
		{F413CB13-9688-4555-82C7-C7E3254C1611}.Debug|x86.Build.0 = Debug|Win32
		{F413CB13-9688-4555-82C7-C7E3254C1611}.Release|x64.ActiveCfg = Release|x64
		{F413CB13-9688-4555-82C7-C7E3254C1611}.Release|x64.Build.0 = Release|x64
		{F413CB13-9688-4555-82C7-C7E3254C1611}.Release|x86.ActiveCfg = Release|Win32
		{F413CB13-9688-4555-82C7-C7E3254C1611}.Release|x86.Build.0 = Release|Win32
	EndGlobalSection
	GlobalSection(SolutionProperties) = preSolution
		HideSolutionNode = FALSE
	EndGlobalSection
	GlobalSection(ExtensibilityGlobals) = postSolution
		SolutionGuid = {6225E203-38A6-4130-8A1F-350A8B2F336D}
	EndGlobalSection
EndGlobal
